
Microsoft Visual Studio Solution File, Format Version 12.00
# Visual Studio Version 16
VisualStudioVersion = 16.0.30611.23
MinimumVisualStudioVersion = 10.0.40219.1
Project("{FAE04EC0-301F-11D3-BF4B-00C04F79EFBC}") = "gaxm", "gaxm.csproj", "{79D37E9D-E47E-4CC4-8396-944CD07104B9}"
EndProject
Project("{9A19103F-16F7-4668-BE54-9A1E7A4F7556}") = "BinarySerializer", "..\submodules\BinarySerializer\src\BinarySerializer.csproj", "{12A8494B-504A-439D-B0EC-EFF24E95B5F2}"
EndProject
Project("{9A19103F-16F7-4668-BE54-9A1E7A4F7556}") = "BinarySerializer.Audio", "..\submodules\BinarySerializer.Audio\src\BinarySerializer.Audio.csproj", "{6AC224E6-C73D-4E99-ADC3-B33A94003F73}"
EndProject
Project("{9A19103F-16F7-4668-BE54-9A1E7A4F7556}") = "BinarySerializer.GBA.Audio", "..\submodules\BinarySerializer.GBA.Audio\src\BinarySerializer.GBA.Audio.csproj", "{38ADE4A0-BC27-4608-BD59-4EFE831CECDA}"
EndProject
Global
	GlobalSection(SolutionConfigurationPlatforms) = preSolution
		Debug|Any CPU = Debug|Any CPU
		Release|Any CPU = Release|Any CPU
	EndGlobalSection
	GlobalSection(ProjectConfigurationPlatforms) = postSolution
		{79D37E9D-E47E-4CC4-8396-944CD07104B9}.Debug|Any CPU.ActiveCfg = Debug|Any CPU
		{79D37E9D-E47E-4CC4-8396-944CD07104B9}.Debug|Any CPU.Build.0 = Debug|Any CPU
		{79D37E9D-E47E-4CC4-8396-944CD07104B9}.Release|Any CPU.ActiveCfg = Release|Any CPU
		{79D37E9D-E47E-4CC4-8396-944CD07104B9}.Release|Any CPU.Build.0 = Release|Any CPU
		{12A8494B-504A-439D-B0EC-EFF24E95B5F2}.Debug|Any CPU.ActiveCfg = Debug|Any CPU
		{12A8494B-504A-439D-B0EC-EFF24E95B5F2}.Debug|Any CPU.Build.0 = Debug|Any CPU
		{12A8494B-504A-439D-B0EC-EFF24E95B5F2}.Release|Any CPU.ActiveCfg = Release|Any CPU
		{12A8494B-504A-439D-B0EC-EFF24E95B5F2}.Release|Any CPU.Build.0 = Release|Any CPU
		{6AC224E6-C73D-4E99-ADC3-B33A94003F73}.Debug|Any CPU.ActiveCfg = Debug|Any CPU
		{6AC224E6-C73D-4E99-ADC3-B33A94003F73}.Debug|Any CPU.Build.0 = Debug|Any CPU
		{6AC224E6-C73D-4E99-ADC3-B33A94003F73}.Release|Any CPU.ActiveCfg = Release|Any CPU
		{6AC224E6-C73D-4E99-ADC3-B33A94003F73}.Release|Any CPU.Build.0 = Release|Any CPU
		{38ADE4A0-BC27-4608-BD59-4EFE831CECDA}.Debug|Any CPU.ActiveCfg = Debug|Any CPU
		{38ADE4A0-BC27-4608-BD59-4EFE831CECDA}.Debug|Any CPU.Build.0 = Debug|Any CPU
		{38ADE4A0-BC27-4608-BD59-4EFE831CECDA}.Release|Any CPU.ActiveCfg = Release|Any CPU
		{38ADE4A0-BC27-4608-BD59-4EFE831CECDA}.Release|Any CPU.Build.0 = Release|Any CPU
	EndGlobalSection
	GlobalSection(SolutionProperties) = preSolution
		HideSolutionNode = FALSE
	EndGlobalSection
	GlobalSection(ExtensibilityGlobals) = postSolution
		SolutionGuid = {8E7FA246-BBAE-4AF3-B230-23E2C8E6B47D}
	EndGlobalSection
EndGlobal
